
Microsoft Visual Studio Solution File, Format Version 12.00
# Visual Studio 15
VisualStudioVersion = 15.0.28307.168
MinimumVisualStudioVersion = 10.0.40219.1
Project("{8BC9CEB8-8B4A-11D0-8D11-00A0C91BC942}") = "Array", "Array\Array.vcxproj", "{C4C380EF-659F-4DEF-947F-F17D57729912}"
EndProject
Global
	GlobalSection(SolutionConfigurationPlatforms) = preSolution
		Debug|x64 = Debug|x64
		Debug|x86 = Debug|x86
		Release|x64 = Release|x64
		Release|x86 = Release|x86
	EndGlobalSection
	GlobalSection(ProjectConfigurationPlatforms) = postSolution
		{C4C380EF-659F-4DEF-947F-F17D57729912}.Debug|x64.ActiveCfg = Debug|x64
		{C4C380EF-659F-4DEF-947F-F17D57729912}.Debug|x64.Build.0 = Debug|x64
		{C4C380EF-659F-4DEF-947F-F17D57729912}.Debug|x86.ActiveCfg = Debug|Win32
		{C4C380EF-659F-4DEF-947F-F17D57729912}.Debug|x86.Build.0 = Debug|Win32
		{C4C380EF-659F-4DEF-947F-F17D57729912}.Release|x64.ActiveCfg = Release|x64
		{C4C380EF-659F-4DEF-947F-F17D57729912}.Release|x64.Build.0 = Release|x64
		{C4C380EF-659F-4DEF-947F-F17D57729912}.Release|x86.ActiveCfg = Release|Win32
		{C4C380EF-659F-4DEF-947F-F17D57729912}.Release|x86.Build.0 = Release|Win32
	EndGlobalSection
	GlobalSection(SolutionProperties) = preSolution
		HideSolutionNode = FALSE
	EndGlobalSection
	GlobalSection(ExtensibilityGlobals) = postSolution
		SolutionGuid = {B9FF19B3-6A2C-42DC-95E5-84933261F07E}
	EndGlobalSection
EndGlobal
